{
  "name": "potr",
  "version": "0.0.0",
  "lockfileVersion": 1,
  "requires": true,
  "dependencies": {
    "@agoric/make-hardener": {
      "version": "0.0.4",
      "resolved": "https://registry.npmjs.org/@agoric/make-hardener/-/make-hardener-0.0.4.tgz",
      "integrity": "sha512-0k/wGkIVQO3IY7p/H/5OS3BIXsRK9Qb7nHnqyvj6hzvSyumwgPp8e4rz5QaVWSen43TGJl+zQn4mW9ZZShT1aw==",
      "dev": true
    },
    "esm": {
      "version": "3.2.22",
      "resolved": "https://registry.npmjs.org/esm/-/esm-3.2.22.tgz",
      "integrity": "sha512-z8YG7U44L82j1XrdEJcqZOLUnjxco8pO453gKOlaMD1/md1n/5QrscAmYG+oKUspsmDLuBFZrpbxI6aQ67yRxA==",
      "dev": true
    },
    "ses": {
      "version": "0.4.0",
      "resolved": "https://registry.npmjs.org/ses/-/ses-0.4.0.tgz",
      "integrity": "sha512-KSBq2o3Ba+rcmAI8DYJDokUHpHpxxT4GqpdfwORVYFeO0t14VbCExH0ty4XwpQdGdzYujA6KWSL15YLWOSYJ0A==",
      "dev": true,
      "requires": {
        "@agoric/make-hardener": "^0.0.4",
        "esm": "^3.2.5"
      }
    }
  }
}
